
Microsoft Visual Studio Solution File, Format Version 12.00
# Visual Studio 14
VisualStudioVersion = 14.0.25420.1
MinimumVisualStudioVersion = 10.0.40219.1
Project("{FAE04EC0-301F-11D3-BF4B-00C04F79EFBC}") = "Batch.CheckPasswordSync", "Batch.CheckPasswordSync\Batch.CheckPasswordSync.csproj", "{800DDF9D-3EB0-46B7-883B-20A42D0C3B80}"
EndProject
Project("{FAE04EC0-301F-11D3-BF4B-00C04F79EFBC}") = "Model", "Model\Model.csproj", "{CFFA0452-98C3-46FF-95B7-38DCA399632D}"
EndProject
Project("{E24C65DC-7377-472B-9ABA-BC803B73C61A}") = "Web", "Web\", "{13B76D4E-0124-4996-B8D5-C718F5645743}"
	ProjectSection(WebsiteProperties) = preProject
		TargetFrameworkMoniker = ".NETFramework,Version%3Dv4.5.2"
		ProjectReferences = "{cffa0452-98c3-46ff-95b7-38dca399632d}|Model.dll;"
		Debug.AspNetCompiler.VirtualPath = "/localhost_5259"
		Debug.AspNetCompiler.PhysicalPath = "Web\"
		Debug.AspNetCompiler.TargetPath = "PrecompiledWeb\localhost_5259\"
		Debug.AspNetCompiler.Updateable = "true"
		Debug.AspNetCompiler.ForceOverwrite = "true"
		Debug.AspNetCompiler.FixedNames = "false"
		Debug.AspNetCompiler.Debug = "True"
		Release.AspNetCompiler.VirtualPath = "/localhost_5259"
		Release.AspNetCompiler.PhysicalPath = "Web\"
		Release.AspNetCompiler.TargetPath = "PrecompiledWeb\localhost_5259\"
		Release.AspNetCompiler.Updateable = "true"
		Release.AspNetCompiler.ForceOverwrite = "true"
		Release.AspNetCompiler.FixedNames = "false"
		Release.AspNetCompiler.Debug = "False"
		VWDPort = "5259"
		SlnRelativePath = "Web\"
	EndProjectSection
EndProject
Project("{FAE04EC0-301F-11D3-BF4B-00C04F79EFBC}") = "ModelTests", "ModelTests\ModelTests.csproj", "{2E2CD3BD-8D85-494D-97D5-B5E99D2CE722}"
EndProject
Global
	GlobalSection(SolutionConfigurationPlatforms) = preSolution
		Debug|Any CPU = Debug|Any CPU
		Release|Any CPU = Release|Any CPU
	EndGlobalSection
	GlobalSection(ProjectConfigurationPlatforms) = postSolution
		{800DDF9D-3EB0-46B7-883B-20A42D0C3B80}.Debug|Any CPU.ActiveCfg = Debug|Any CPU
		{800DDF9D-3EB0-46B7-883B-20A42D0C3B80}.Debug|Any CPU.Build.0 = Debug|Any CPU
		{800DDF9D-3EB0-46B7-883B-20A42D0C3B80}.Release|Any CPU.ActiveCfg = Release|Any CPU
		{800DDF9D-3EB0-46B7-883B-20A42D0C3B80}.Release|Any CPU.Build.0 = Release|Any CPU
		{CFFA0452-98C3-46FF-95B7-38DCA399632D}.Debug|Any CPU.ActiveCfg = Debug|Any CPU
		{CFFA0452-98C3-46FF-95B7-38DCA399632D}.Debug|Any CPU.Build.0 = Debug|Any CPU
		{CFFA0452-98C3-46FF-95B7-38DCA399632D}.Release|Any CPU.ActiveCfg = Release|Any CPU
		{CFFA0452-98C3-46FF-95B7-38DCA399632D}.Release|Any CPU.Build.0 = Release|Any CPU
		{13B76D4E-0124-4996-B8D5-C718F5645743}.Debug|Any CPU.ActiveCfg = Debug|Any CPU
		{13B76D4E-0124-4996-B8D5-C718F5645743}.Debug|Any CPU.Build.0 = Debug|Any CPU
		{13B76D4E-0124-4996-B8D5-C718F5645743}.Release|Any CPU.ActiveCfg = Debug|Any CPU
		{13B76D4E-0124-4996-B8D5-C718F5645743}.Release|Any CPU.Build.0 = Debug|Any CPU
		{2E2CD3BD-8D85-494D-97D5-B5E99D2CE722}.Debug|Any CPU.ActiveCfg = Debug|Any CPU
		{2E2CD3BD-8D85-494D-97D5-B5E99D2CE722}.Debug|Any CPU.Build.0 = Debug|Any CPU
		{2E2CD3BD-8D85-494D-97D5-B5E99D2CE722}.Release|Any CPU.ActiveCfg = Release|Any CPU
		{2E2CD3BD-8D85-494D-97D5-B5E99D2CE722}.Release|Any CPU.Build.0 = Release|Any CPU
	EndGlobalSection
	GlobalSection(SolutionProperties) = preSolution
		HideSolutionNode = FALSE
	EndGlobalSection
EndGlobal
